{
  "name": "pi-extensions",
  "lockfileVersion": 3,
  "requires": true,
  "packages": {
    "": {
      "name": "pi-extensions",
      "dependencies": {
        "pi-nvim": "^0.2.5",
        "pi-provider-litellm": "^2.3.0"
      }
    },
    "node_modules/pi-nvim": {
      "version": "0.2.5",
      "resolved": "https://registry.npmjs.org/pi-nvim/-/pi-nvim-0.2.5.tgz",
      "integrity": "sha512-qvGW6OU/Z0GW7PAl/q1KjlG9dAMBWJc6UJJEWu9NyX4PQ7mspcDViXxrXwOb7ZIWsRnqFOFMkyI33m6akXyI1Q==",
      "license": "MIT",
      "peerDependencies": {
        "@earendil-works/pi-coding-agent": "^0.74.0"
      },
      "peerDependenciesMeta": {
        "@earendil-works/pi-coding-agent": {
          "optional": true
        }
      }
    },
    "node_modules/pi-provider-litellm": {
      "version": "2.3.0",
      "resolved": "https://registry.npmjs.org/pi-provider-litellm/-/pi-provider-litellm-2.3.0.tgz",
      "integrity": "sha512-SGE3XxIUXvnu14ElSSPEvyyTnPi+uwd6zaAb7Z+unmlV0Gu8WTo4w+qq7SSg1ho7tpCs/nDheujGjxWJ16AK2g==",
      "license": "MIT",
      "engines": {
        "node": ">=22.19.0"
      },
      "peerDependencies": {
        "@earendil-works/pi-ai": ">=0.81.0",
        "@earendil-works/pi-coding-agent": ">=0.81.0"
      },
      "peerDependenciesMeta": {
        "@earendil-works/pi-ai": {
          "optional": true
        },
        "@earendil-works/pi-coding-agent": {
          "optional": true
        }
      }
    }
  }
}
